
Microsoft Visual Studio Solution File, Format Version 12.00
# Visual Studio Version 17
VisualStudioVersion = 17.2.32630.192
MinimumVisualStudioVersion = 10.0.40219.1
Project("{FAE04EC0-301F-11D3-BF4B-00C04F79EFBC}") = "WebApp_MongoDB", "WebApp_MongoDB\WebApp_MongoDB.csproj", "{7659758E-DFF8-475D-8E7B-67541A8E3DFA}"
EndProject
Global
	GlobalSection(SolutionConfigurationPlatforms) = preSolution
		Debug|Any CPU = Debug|Any CPU
		Release|Any CPU = Release|Any CPU
	EndGlobalSection
	GlobalSection(ProjectConfigurationPlatforms) = postSolution
		{7659758E-DFF8-475D-8E7B-67541A8E3DFA}.Debug|Any CPU.ActiveCfg = Debug|Any CPU
		{7659758E-DFF8-475D-8E7B-67541A8E3DFA}.Debug|Any CPU.Build.0 = Debug|Any CPU
		{7659758E-DFF8-475D-8E7B-67541A8E3DFA}.Release|Any CPU.ActiveCfg = Release|Any CPU
		{7659758E-DFF8-475D-8E7B-67541A8E3DFA}.Release|Any CPU.Build.0 = Release|Any CPU
	EndGlobalSection
	GlobalSection(SolutionProperties) = preSolution
		HideSolutionNode = FALSE
	EndGlobalSection
	GlobalSection(ExtensibilityGlobals) = postSolution
		SolutionGuid = {65B167C9-E35C-4BC3-AB27-26732863A34B}
	EndGlobalSection
EndGlobal
